{
  "name": "controle-reserva-restaurante",
  "version": "1.0.0",
  "lockfileVersion": 3,
  "requires": true,
  "packages": {
    "": {
      "name": "controle-reserva-restaurante",
      "version": "1.0.0",
      "license": "ISC",
      "dependencies": {
        "xyz": "^4.0.0"
      },
      "devDependencies": {
        "abc": "^0.6.1"
      }
    },
    "node_modules/abc": {
      "version": "0.6.1",
      "resolved": "https://registry.npmjs.org/abc/-/abc-0.6.1.tgz",
      "integrity": "sha512-+SVuw9ZL4zUqrPmuBU/+hMn5u6JVZwuH79zG598dyQXIUCde5P8Hr+u/CQkZLGRqbue5Hp28/10RVCDoUkt6eg==",
      "dev": true,
      "engines": {
        "node": ">=0.4.0"
      }
    },
    "node_modules/xyz": {
      "version": "4.0.0",
      "resolved": "https://registry.npmjs.org/xyz/-/xyz-4.0.0.tgz",
      "integrity": "sha512-ZO0vKMAX/sDiadaaMJPeK6eSFEJY5Bz1JmNgjOLZ8S8ow7uXJUeDEZjBJYShOZxo7WxkcJd3LaH9h0Haj1NEWw==",
      "bin": {
        "xyz": "xyz"
      }
    }
  }
}
